
Microsoft Visual Studio Solution File, Format Version 12.00
# Visual Studio Version 17
VisualStudioVersion = 17.14.36623.8 d17.14
MinimumVisualStudioVersion = 10.0.40219.1
Project("{FAE04EC0-301F-11D3-BF4B-00C04F79EFBC}") = "vimachbandan", "vimachbandan\vimachbandan.csproj", "{D965428D-60D4-48A8-B6FC-3709232E40E5}"
EndProject
Global
	GlobalSection(SolutionConfigurationPlatforms) = preSolution
		Debug|Any CPU = Debug|Any CPU
		Release|Any CPU = Release|Any CPU
	EndGlobalSection
	GlobalSection(ProjectConfigurationPlatforms) = postSolution
		{D965428D-60D4-48A8-B6FC-3709232E40E5}.Debug|Any CPU.ActiveCfg = Debug|Any CPU
		{D965428D-60D4-48A8-B6FC-3709232E40E5}.Debug|Any CPU.Build.0 = Debug|Any CPU
		{D965428D-60D4-48A8-B6FC-3709232E40E5}.Release|Any CPU.ActiveCfg = Release|Any CPU
		{D965428D-60D4-48A8-B6FC-3709232E40E5}.Release|Any CPU.Build.0 = Release|Any CPU
	EndGlobalSection
	GlobalSection(SolutionProperties) = preSolution
		HideSolutionNode = FALSE
	EndGlobalSection
	GlobalSection(ExtensibilityGlobals) = postSolution
		SolutionGuid = {028F8C4E-8FCF-44CF-9DAE-2C1C85959CDB}
	EndGlobalSection
EndGlobal
